# THIS IS AN AUTOGENERATED FILE. DO NOT EDIT THIS FILE DIRECTLY.
# yarn lockfile v1


fast-deep-equal@2.0.1:
  version "2.0.1"
  resolved "https://registry.yarnpkg.com/fast-deep-equal/-/fast-deep-equal-2.0.1.tgz#7b05218ddf9667bf7f370bf7fdb2cb15fdd0aa49"
  integrity sha1-ewUhjd+WZ79/Nwv3/bLLFf3Qqkk=

swr@^0.2.3:
  version "0.2.3"
  resolved "https://registry.yarnpkg.com/swr/-/swr-0.2.3.tgz#e0fb260d27f12fafa2388312083368f45127480d"
  integrity sha512-JhuuD5ojqgjAQpZAhoPBd8Di0Mr1+ykByVKuRJdtKaxkUX/y8kMACWKkLgLQc8pcDOKEAnbIreNjU7HfqI9nHQ==
  dependencies:
    fast-deep-equal "2.0.1"
